
Microsoft Visual Studio Solution File, Format Version 12.00
# Visual Studio Version 17
VisualStudioVersion = 17.8.34511.84
MinimumVisualStudioVersion = 10.0.40219.1
Project("{9A19103F-16F7-4668-BE54-9A1E7A4F7556}") = "BlazorApp1.Server", "Server\BlazorApp1.Server.csproj", "{47DA3586-18CB-4E2B-85AE-F5A57BDA4D4B}"
EndProject
Project("{9A19103F-16F7-4668-BE54-9A1E7A4F7556}") = "BlazorApp1.Client", "Client\BlazorApp1.Client.csproj", "{84C0018D-EE89-4572-9237-88F629E240E2}"
EndProject
Project("{9A19103F-16F7-4668-BE54-9A1E7A4F7556}") = "BlazorApp1.Shared", "Shared\BlazorApp1.Shared.csproj", "{80FFFF70-09A2-42FA-91E8-6718F0EB2FEC}"
EndProject
Global
	GlobalSection(SolutionConfigurationPlatforms) = preSolution
		Debug|Any CPU = Debug|Any CPU
		Release|Any CPU = Release|Any CPU
	EndGlobalSection
	GlobalSection(ProjectConfigurationPlatforms) = postSolution
		{47DA3586-18CB-4E2B-85AE-F5A57BDA4D4B}.Debug|Any CPU.ActiveCfg = Debug|Any CPU
		{47DA3586-18CB-4E2B-85AE-F5A57BDA4D4B}.Debug|Any CPU.Build.0 = Debug|Any CPU
		{47DA3586-18CB-4E2B-85AE-F5A57BDA4D4B}.Release|Any CPU.ActiveCfg = Release|Any CPU
		{47DA3586-18CB-4E2B-85AE-F5A57BDA4D4B}.Release|Any CPU.Build.0 = Release|Any CPU
		{84C0018D-EE89-4572-9237-88F629E240E2}.Debug|Any CPU.ActiveCfg = Debug|Any CPU
		{84C0018D-EE89-4572-9237-88F629E240E2}.Debug|Any CPU.Build.0 = Debug|Any CPU
		{84C0018D-EE89-4572-9237-88F629E240E2}.Release|Any CPU.ActiveCfg = Release|Any CPU
		{84C0018D-EE89-4572-9237-88F629E240E2}.Release|Any CPU.Build.0 = Release|Any CPU
		{80FFFF70-09A2-42FA-91E8-6718F0EB2FEC}.Debug|Any CPU.ActiveCfg = Debug|Any CPU
		{80FFFF70-09A2-42FA-91E8-6718F0EB2FEC}.Debug|Any CPU.Build.0 = Debug|Any CPU
		{80FFFF70-09A2-42FA-91E8-6718F0EB2FEC}.Release|Any CPU.ActiveCfg = Release|Any CPU
		{80FFFF70-09A2-42FA-91E8-6718F0EB2FEC}.Release|Any CPU.Build.0 = Release|Any CPU
	EndGlobalSection
	GlobalSection(SolutionProperties) = preSolution
		HideSolutionNode = FALSE
	EndGlobalSection
	GlobalSection(ExtensibilityGlobals) = postSolution
		SolutionGuid = {D26CC6D2-3849-4413-A8B0-07CA7B41225B}
	EndGlobalSection
EndGlobal
